{
  "version": 4,
  "terraform_version": "0.15.3",
  "serial": 22,
  "lineage": "3e216526-2783-4728-e78b-4a6d2743ff76",
  "outputs": {},
  "resources": [
    {
      "mode": "managed",
      "type": "azurerm_application_insights",
      "name": "appinsights",
      "provider": "provider[\"registry.terraform.io/hashicorp/azurerm\"]",
      "instances": [
        {
          "schema_version": 0,
          "attributes": {
            "app_id": "f6431701-8b66-453e-af3a-1d73cb7b567d",
            "application_type": "web",
            "connection_string": "InstrumentationKey=36874191-95c1-4a56-b3fc-d47dd27238ea;IngestionEndpoint=https://eastus-1.in.applicationinsights.azure.com/",
            "daily_data_cap_in_gb": 100,
            "daily_data_cap_notifications_disabled": false,
            "disable_ip_masking": false,
            "id": "/subscriptions/52a2f6c0-78a9-4136-949a-397c63c0c69e/resourceGroups/az-new-poc-1/providers/microsoft.insights/components/azpoc1-appinsights",
            "instrumentation_key": "36874191-95c1-4a56-b3fc-d47dd27238ea",
            "location": "eastus",
            "name": "azpoc1-appinsights",
            "resource_group_name": "az-new-poc-1",
            "retention_in_days": 90,
            "sampling_percentage": 100,
            "tags": null,
            "timeouts": null
          },
          "sensitive_attributes": [],
          "private": "eyJlMmJmYjczMC1lY2FhLTExZTYtOGY4OC0zNDM2M2JjN2M0YzAiOnsiY3JlYXRlIjoxODAwMDAwMDAwMDAwLCJkZWxldGUiOjE4MDAwMDAwMDAwMDAsInJlYWQiOjMwMDAwMDAwMDAwMCwidXBkYXRlIjoxODAwMDAwMDAwMDAwfX0=",
          "dependencies": [
            "azurerm_resource_group.rgpoc"
          ]
        }
      ]
    },
    {
      "mode": "managed",
      "type": "azurerm_resource_group",
      "name": "rgpoc",
      "provider": "provider[\"registry.terraform.io/hashicorp/azurerm\"]",
      "instances": [
        {
          "schema_version": 0,
          "attributes": {
            "id": "/subscriptions/52a2f6c0-78a9-4136-949a-397c63c0c69e/resourceGroups/az-new-poc-1",
            "location": "eastus",
            "name": "az-new-poc-1",
            "tags": null,
            "timeouts": null
          },
          "sensitive_attributes": [],
          "private": "eyJlMmJmYjczMC1lY2FhLTExZTYtOGY4OC0zNDM2M2JjN2M0YzAiOnsiY3JlYXRlIjo1NDAwMDAwMDAwMDAwLCJkZWxldGUiOjU0MDAwMDAwMDAwMDAsInJlYWQiOjMwMDAwMDAwMDAwMCwidXBkYXRlIjo1NDAwMDAwMDAwMDAwfX0="
        }
      ]
    },
    {
      "module": "module.loadbalancer",
      "mode": "managed",
      "type": "azurerm_lb",
      "name": "az_lb",
      "provider": "provider[\"registry.terraform.io/hashicorp/azurerm\"]",
      "instances": [
        {
          "schema_version": 0,
          "attributes": {
            "frontend_ip_configuration": [
              {
                "id": "/subscriptions/52a2f6c0-78a9-4136-949a-397c63c0c69e/resourceGroups/az-new-poc-1/providers/Microsoft.Network/loadBalancers/az-new-poc_az_lb/frontendIPConfigurations/PublicIPAddress",
                "inbound_nat_rules": [],
                "load_balancer_rules": [],
                "name": "PublicIPAddress",
                "outbound_rules": [],
                "private_ip_address": "",
                "private_ip_address_allocation": "Dynamic",
                "private_ip_address_version": "",
                "public_ip_address_id": "/subscriptions/52a2f6c0-78a9-4136-949a-397c63c0c69e/resourceGroups/az-new-poc-1/providers/Microsoft.Network/publicIPAddresses/az_lb-public-ip",
                "public_ip_prefix_id": "",
                "subnet_id": "",
                "zones": null
              }
            ],
            "id": "/subscriptions/52a2f6c0-78a9-4136-949a-397c63c0c69e/resourceGroups/az-new-poc-1/providers/Microsoft.Network/loadBalancers/az-new-poc_az_lb",
            "location": "eastus",
            "name": "az-new-poc_az_lb",
            "private_ip_address": "",
            "private_ip_addresses": [],
            "resource_group_name": "az-new-poc-1",
            "sku": "Standard",
            "tags": null,
            "timeouts": null
          },
          "sensitive_attributes": [],
          "private": "eyJlMmJmYjczMC1lY2FhLTExZTYtOGY4OC0zNDM2M2JjN2M0YzAiOnsiY3JlYXRlIjoxODAwMDAwMDAwMDAwLCJkZWxldGUiOjE4MDAwMDAwMDAwMDAsInJlYWQiOjMwMDAwMDAwMDAwMCwidXBkYXRlIjoxODAwMDAwMDAwMDAwfX0=",
          "dependencies": [
            "azurerm_resource_group.rgpoc",
            "module.loadbalancer.azurerm_public_ip.lb_publicip"
          ]
        }
      ]
    },
    {
      "module": "module.loadbalancer",
      "mode": "managed",
      "type": "azurerm_lb_backend_address_pool",
      "name": "bpepool",
      "provider": "provider[\"registry.terraform.io/hashicorp/azurerm\"]",
      "instances": [
        {
          "schema_version": 0,
          "attributes": {
            "backend_address": [],
            "backend_ip_configurations": [],
            "id": "/subscriptions/52a2f6c0-78a9-4136-949a-397c63c0c69e/resourceGroups/az-new-poc-1/providers/Microsoft.Network/loadBalancers/az-new-poc_az_lb/backendAddressPools/BackEndAddressPool",
            "load_balancing_rules": [],
            "loadbalancer_id": "/subscriptions/52a2f6c0-78a9-4136-949a-397c63c0c69e/resourceGroups/az-new-poc-1/providers/Microsoft.Network/loadBalancers/az-new-poc_az_lb",
            "name": "BackEndAddressPool",
            "outbound_rules": [],
            "resource_group_name": "az-new-poc-1",
            "timeouts": null
          },
          "sensitive_attributes": [],
          "private": "eyJlMmJmYjczMC1lY2FhLTExZTYtOGY4OC0zNDM2M2JjN2M0YzAiOnsiY3JlYXRlIjoxODAwMDAwMDAwMDAwLCJkZWxldGUiOjE4MDAwMDAwMDAwMDAsInJlYWQiOjMwMDAwMDAwMDAwMCwidXBkYXRlIjoxODAwMDAwMDAwMDAwfX0=",
          "dependencies": [
            "azurerm_resource_group.rgpoc",
            "module.loadbalancer.azurerm_lb.az_lb",
            "module.loadbalancer.azurerm_public_ip.lb_publicip"
          ]
        }
      ]
    },
    {
      "module": "module.loadbalancer",
      "mode": "managed",
      "type": "azurerm_lb_nat_pool",
      "name": "natpol",
      "provider": "provider[\"registry.terraform.io/hashicorp/azurerm\"]",
      "instances": [
        {
          "schema_version": 0,
          "attributes": {
            "backend_port": 3389,
            "frontend_ip_configuration_id": "/subscriptions/52a2f6c0-78a9-4136-949a-397c63c0c69e/resourceGroups/az-new-poc-1/providers/Microsoft.Network/loadBalancers/az-new-poc_az_lb/frontendIPConfigurations/PublicIPAddress",
            "frontend_ip_configuration_name": "PublicIPAddress",
            "frontend_port_end": 50010,
            "frontend_port_start": 50001,
            "id": "/subscriptions/52a2f6c0-78a9-4136-949a-397c63c0c69e/resourceGroups/az-new-poc-1/providers/Microsoft.Network/loadBalancers/az-new-poc_az_lb/inboundNatPools/lb_natpool",
            "loadbalancer_id": "/subscriptions/52a2f6c0-78a9-4136-949a-397c63c0c69e/resourceGroups/az-new-poc-1/providers/Microsoft.Network/loadBalancers/az-new-poc_az_lb",
            "name": "lb_natpool",
            "protocol": "Tcp",
            "resource_group_name": "az-new-poc-1",
            "timeouts": null
          },
          "sensitive_attributes": [],
          "private": "eyJlMmJmYjczMC1lY2FhLTExZTYtOGY4OC0zNDM2M2JjN2M0YzAiOnsiY3JlYXRlIjoxODAwMDAwMDAwMDAwLCJkZWxldGUiOjE4MDAwMDAwMDAwMDAsInJlYWQiOjMwMDAwMDAwMDAwMCwidXBkYXRlIjoxODAwMDAwMDAwMDAwfX0=",
          "dependencies": [
            "azurerm_resource_group.rgpoc",
            "module.loadbalancer.azurerm_lb.az_lb",
            "module.loadbalancer.azurerm_public_ip.lb_publicip"
          ]
        }
      ]
    },
    {
      "module": "module.loadbalancer",
      "mode": "managed",
      "type": "azurerm_lb_probe",
      "name": "http",
      "provider": "provider[\"registry.terraform.io/hashicorp/azurerm\"]",
      "instances": [
        {
          "schema_version": 0,
          "attributes": {
            "id": "/subscriptions/52a2f6c0-78a9-4136-949a-397c63c0c69e/resourceGroups/az-new-poc-1/providers/Microsoft.Network/loadBalancers/az-new-poc_az_lb/probes/LBHTTPProbe",
            "interval_in_seconds": 15,
            "load_balancer_rules": [],
            "loadbalancer_id": "/subscriptions/52a2f6c0-78a9-4136-949a-397c63c0c69e/resourceGroups/az-new-poc-1/providers/Microsoft.Network/loadBalancers/az-new-poc_az_lb",
            "name": "LBHTTPProbe",
            "number_of_probes": 2,
            "port": 80,
            "protocol": "Http",
            "request_path": "/",
            "resource_group_name": "az-new-poc-1",
            "timeouts": null
          },
          "sensitive_attributes": [],
          "private": "eyJlMmJmYjczMC1lY2FhLTExZTYtOGY4OC0zNDM2M2JjN2M0YzAiOnsiY3JlYXRlIjoxODAwMDAwMDAwMDAwLCJkZWxldGUiOjE4MDAwMDAwMDAwMDAsInJlYWQiOjMwMDAwMDAwMDAwMCwidXBkYXRlIjoxODAwMDAwMDAwMDAwfX0=",
          "dependencies": [
            "azurerm_resource_group.rgpoc",
            "module.loadbalancer.azurerm_lb.az_lb",
            "module.loadbalancer.azurerm_public_ip.lb_publicip"
          ]
        }
      ]
    },
    {
      "module": "module.loadbalancer",
      "mode": "managed",
      "type": "azurerm_lb_rule",
      "name": "http",
      "provider": "provider[\"registry.terraform.io/hashicorp/azurerm\"]",
      "instances": [
        {
          "schema_version": 0,
          "attributes": {
            "backend_address_pool_id": "/subscriptions/52a2f6c0-78a9-4136-949a-397c63c0c69e/resourceGroups/az-new-poc-1/providers/Microsoft.Network/loadBalancers/az-new-poc_az_lb/backendAddressPools/BackEndAddressPool",
            "backend_port": 80,
            "disable_outbound_snat": false,
            "enable_floating_ip": false,
            "enable_tcp_reset": false,
            "frontend_ip_configuration_id": "/subscriptions/52a2f6c0-78a9-4136-949a-397c63c0c69e/resourceGroups/az-new-poc-1/providers/Microsoft.Network/loadBalancers/az-new-poc_az_lb/frontendIPConfigurations/PublicIPAddress",
            "frontend_ip_configuration_name": "PublicIPAddress",
            "frontend_port": 80,
            "id": "/subscriptions/52a2f6c0-78a9-4136-949a-397c63c0c69e/resourceGroups/az-new-poc-1/providers/Microsoft.Network/loadBalancers/az-new-poc_az_lb/loadBalancingRules/LBHTTPRule",
            "idle_timeout_in_minutes": 4,
            "load_distribution": "Default",
            "loadbalancer_id": "/subscriptions/52a2f6c0-78a9-4136-949a-397c63c0c69e/resourceGroups/az-new-poc-1/providers/Microsoft.Network/loadBalancers/az-new-poc_az_lb",
            "name": "LBHTTPRule",
            "probe_id": "/subscriptions/52a2f6c0-78a9-4136-949a-397c63c0c69e/resourceGroups/az-new-poc-1/providers/Microsoft.Network/loadBalancers/az-new-poc_az_lb/probes/LBHTTPProbe",
            "protocol": "Tcp",
            "resource_group_name": "az-new-poc-1",
            "timeouts": null
          },
          "sensitive_attributes": [],
          "private": "eyJlMmJmYjczMC1lY2FhLTExZTYtOGY4OC0zNDM2M2JjN2M0YzAiOnsiY3JlYXRlIjoxODAwMDAwMDAwMDAwLCJkZWxldGUiOjE4MDAwMDAwMDAwMDAsInJlYWQiOjMwMDAwMDAwMDAwMCwidXBkYXRlIjoxODAwMDAwMDAwMDAwfX0=",
          "dependencies": [
            "azurerm_resource_group.rgpoc",
            "module.loadbalancer.azurerm_lb.az_lb",
            "module.loadbalancer.azurerm_lb_backend_address_pool.bpepool",
            "module.loadbalancer.azurerm_lb_probe.http",
            "module.loadbalancer.azurerm_public_ip.lb_publicip"
          ]
        }
      ]
    },
    {
      "module": "module.loadbalancer",
      "mode": "managed",
      "type": "azurerm_public_ip",
      "name": "lb_publicip",
      "provider": "provider[\"registry.terraform.io/hashicorp/azurerm\"]",
      "instances": [
        {
          "schema_version": 0,
          "attributes": {
            "allocation_method": "Static",
            "domain_name_label": null,
            "fqdn": null,
            "id": "/subscriptions/52a2f6c0-78a9-4136-949a-397c63c0c69e/resourceGroups/az-new-poc-1/providers/Microsoft.Network/publicIPAddresses/az_lb-public-ip",
            "idle_timeout_in_minutes": 4,
            "ip_address": "52.152.198.143",
            "ip_version": "IPv4",
            "location": "eastus",
            "name": "az_lb-public-ip",
            "public_ip_prefix_id": null,
            "resource_group_name": "az-new-poc-1",
            "reverse_fqdn": null,
            "sku": "Standard",
            "tags": null,
            "timeouts": null,
            "zones": null
          },
          "sensitive_attributes": [],
          "private": "eyJlMmJmYjczMC1lY2FhLTExZTYtOGY4OC0zNDM2M2JjN2M0YzAiOnsiY3JlYXRlIjoxODAwMDAwMDAwMDAwLCJkZWxldGUiOjE4MDAwMDAwMDAwMDAsInJlYWQiOjMwMDAwMDAwMDAwMCwidXBkYXRlIjoxODAwMDAwMDAwMDAwfX0=",
          "dependencies": [
            "azurerm_resource_group.rgpoc"
          ]
        }
      ]
    },
    {
      "module": "module.monitoring",
      "mode": "managed",
      "type": "azurerm_log_analytics_workspace",
      "name": "loganalyticsworkspace",
      "provider": "provider[\"registry.terraform.io/hashicorp/azurerm\"]",
      "instances": [
        {
          "schema_version": 2,
          "attributes": {
            "daily_quota_gb": -1,
            "id": "/subscriptions/52a2f6c0-78a9-4136-949a-397c63c0c69e/resourceGroups/az-new-poc-1/providers/Microsoft.OperationalInsights/workspaces/az-new-pocloganalyticsworkspace",
            "internet_ingestion_enabled": true,
            "internet_query_enabled": true,
            "location": "eastus",
            "name": "az-new-pocloganalyticsworkspace",
            "portal_url": "",
            "primary_shared_key": "F0Ugc5EDJyejQADh5kJmLUJoL7700bIQLWKQ/VEnB+EyoUSKlaiYa9qipyQO8uOfQxwZ0S9e6GW8pbxSoJY4zw==",
            "resource_group_name": "az-new-poc-1",
            "retention_in_days": 30,
            "secondary_shared_key": "MQyOYDO6mRhfXa/uQ0EibNCrcSNiU/rcm8gVkWuygeB5CP5w6o2PHZZORM7Bfs7iTwIwSDYt9qDvvMplvXS7/w==",
            "sku": "pergb2018",
            "tags": null,
            "timeouts": null,
            "workspace_id": "3be7b789-c022-4953-98e1-812a929942dd"
          },
          "sensitive_attributes": [],
          "private": "eyJlMmJmYjczMC1lY2FhLTExZTYtOGY4OC0zNDM2M2JjN2M0YzAiOnsiY3JlYXRlIjoxODAwMDAwMDAwMDAwLCJkZWxldGUiOjE4MDAwMDAwMDAwMDAsInJlYWQiOjMwMDAwMDAwMDAwMCwidXBkYXRlIjoxODAwMDAwMDAwMDAwfSwic2NoZW1hX3ZlcnNpb24iOiIyIn0=",
          "dependencies": [
            "azurerm_resource_group.rgpoc"
          ]
        }
      ]
    },
    {
      "module": "module.monitoring",
      "mode": "managed",
      "type": "azurerm_monitor_diagnostic_setting",
      "name": "vmmsdiag",
      "provider": "provider[\"registry.terraform.io/hashicorp/azurerm\"]",
      "instances": [
        {
          "schema_version": 0,
          "attributes": {
            "eventhub_authorization_rule_id": "",
            "eventhub_name": "",
            "id": "/subscriptions/52a2f6c0-78a9-4136-949a-397c63c0c69e/resourceGroups/az-new-poc-1/providers/Microsoft.Compute/virtualMachineScaleSets/vmscaleset|vmscaleset-diagc3e",
            "log": [],
            "log_analytics_destination_type": "",
            "log_analytics_workspace_id": "/subscriptions/52a2f6c0-78a9-4136-949a-397c63c0c69e/resourceGroups/az-new-poc-1/providers/Microsoft.OperationalInsights/workspaces/az-new-pocloganalyticsworkspace",
            "metric": [
              {
                "category": "AllMetrics",
                "enabled": true,
                "retention_policy": [
                  {
                    "days": null,
                    "enabled": false
                  }
                ]
              }
            ],
            "name": "vmscaleset-diagc3e",
            "storage_account_id": "/subscriptions/52a2f6c0-78a9-4136-949a-397c63c0c69e/resourceGroups/az-new-poc-1/providers/Microsoft.Storage/storageAccounts/logstorage121ca",
            "target_resource_id": "/subscriptions/52a2f6c0-78a9-4136-949a-397c63c0c69e/resourceGroups/az-new-poc-1/providers/Microsoft.Compute/virtualMachineScaleSets/vmscaleset",
            "timeouts": null
          },
          "sensitive_attributes": [],
          "private": "eyJlMmJmYjczMC1lY2FhLTExZTYtOGY4OC0zNDM2M2JjN2M0YzAiOnsiY3JlYXRlIjoxODAwMDAwMDAwMDAwLCJkZWxldGUiOjM2MDAwMDAwMDAwMDAsInJlYWQiOjMwMDAwMDAwMDAwMCwidXBkYXRlIjoxODAwMDAwMDAwMDAwfX0=",
          "dependencies": [
            "azurerm_resource_group.rgpoc",
            "module.loadbalancer.azurerm_lb.az_lb",
            "module.loadbalancer.azurerm_lb_backend_address_pool.bpepool",
            "module.loadbalancer.azurerm_public_ip.lb_publicip",
            "module.monitoring.azurerm_log_analytics_workspace.loganalyticsworkspace",
            "module.monitoring.azurerm_storage_account.logstorage",
            "module.networking.azurerm_subnet.appsnet",
            "module.networking.azurerm_virtual_network.virtual_network",
            "module.scaleset.azurerm_windows_virtual_machine_scale_set.Az-Demo1",
            "module.scaleset.data.azurerm_shared_image_version.ServerImage"
          ]
        }
      ]
    },
    {
      "module": "module.monitoring",
      "mode": "managed",
      "type": "azurerm_storage_account",
      "name": "logstorage",
      "provider": "provider[\"registry.terraform.io/hashicorp/azurerm\"]",
      "instances": [
        {
          "schema_version": 2,
          "attributes": {
            "access_tier": "Hot",
            "account_kind": "StorageV2",
            "account_replication_type": "LRS",
            "account_tier": "Standard",
            "allow_blob_public_access": false,
            "blob_properties": [],
            "custom_domain": [],
            "enable_https_traffic_only": true,
            "id": "/subscriptions/52a2f6c0-78a9-4136-949a-397c63c0c69e/resourceGroups/az-new-poc-1/providers/Microsoft.Storage/storageAccounts/logstorage121ca",
            "identity": [],
            "is_hns_enabled": false,
            "large_file_share_enabled": null,
            "location": "eastus",
            "min_tls_version": "TLS1_0",
            "name": "logstorage121ca",
            "network_rules": [
              {
                "bypass": [
                  "AzureServices"
                ],
                "default_action": "Allow",
                "ip_rules": [],
                "virtual_network_subnet_ids": []
              }
            ],
            "primary_access_key": "L5hUs+CtN10jfu3EmWBgOVR7cj33K/qJRqw1geODdPnfrGmgk5KI+Be55GoIgx6K1H8kx21zd0hH7TXsYQi52g==",
            "primary_blob_connection_string": "DefaultEndpointsProtocol=https;BlobEndpoint=https://logstorage121ca.blob.core.windows.net/;AccountName=logstorage121ca;AccountKey=L5hUs+CtN10jfu3EmWBgOVR7cj33K/qJRqw1geODdPnfrGmgk5KI+Be55GoIgx6K1H8kx21zd0hH7TXsYQi52g==",
            "primary_blob_endpoint": "https://logstorage121ca.blob.core.windows.net/",
            "primary_blob_host": "logstorage121ca.blob.core.windows.net",
            "primary_connection_string": "DefaultEndpointsProtocol=https;AccountName=logstorage121ca;AccountKey=L5hUs+CtN10jfu3EmWBgOVR7cj33K/qJRqw1geODdPnfrGmgk5KI+Be55GoIgx6K1H8kx21zd0hH7TXsYQi52g==;EndpointSuffix=core.windows.net",
            "primary_dfs_endpoint": "https://logstorage121ca.dfs.core.windows.net/",
            "primary_dfs_host": "logstorage121ca.dfs.core.windows.net",
            "primary_file_endpoint": "https://logstorage121ca.file.core.windows.net/",
            "primary_file_host": "logstorage121ca.file.core.windows.net",
            "primary_location": "eastus",
            "primary_queue_endpoint": "https://logstorage121ca.queue.core.windows.net/",
            "primary_queue_host": "logstorage121ca.queue.core.windows.net",
            "primary_table_endpoint": "https://logstorage121ca.table.core.windows.net/",
            "primary_table_host": "logstorage121ca.table.core.windows.net",
            "primary_web_endpoint": "https://logstorage121ca.z13.web.core.windows.net/",
            "primary_web_host": "logstorage121ca.z13.web.core.windows.net",
            "queue_properties": [
              {
                "cors_rule": [],
                "hour_metrics": [
                  {
                    "enabled": true,
                    "include_apis": true,
                    "retention_policy_days": 7,
                    "version": "1.0"
                  }
                ],
                "logging": [
                  {
                    "delete": false,
                    "read": false,
                    "retention_policy_days": 0,
                    "version": "1.0",
                    "write": false
                  }
                ],
                "minute_metrics": [
                  {
                    "enabled": false,
                    "include_apis": false,
                    "retention_policy_days": 0,
                    "version": "1.0"
                  }
                ]
              }
            ],
            "resource_group_name": "az-new-poc-1",
            "secondary_access_key": "oZSMiyBx15bNGGUPvgPmN2YE2z5QmIgrX6+vwBk5VTtFIjQZ/D+cdDOLubGX7aMPNIN4dQLbgH3ZEtt3ClDaqQ==",
            "secondary_blob_connection_string": "",
            "secondary_blob_endpoint": null,
            "secondary_blob_host": null,
            "secondary_connection_string": "DefaultEndpointsProtocol=https;AccountName=logstorage121ca;AccountKey=oZSMiyBx15bNGGUPvgPmN2YE2z5QmIgrX6+vwBk5VTtFIjQZ/D+cdDOLubGX7aMPNIN4dQLbgH3ZEtt3ClDaqQ==;EndpointSuffix=core.windows.net",
            "secondary_dfs_endpoint": null,
            "secondary_dfs_host": null,
            "secondary_file_endpoint": null,
            "secondary_file_host": null,
            "secondary_location": "",
            "secondary_queue_endpoint": null,
            "secondary_queue_host": null,
            "secondary_table_endpoint": null,
            "secondary_table_host": null,
            "secondary_web_endpoint": null,
            "secondary_web_host": null,
            "static_website": [],
            "tags": {
              "environment": "staging"
            },
            "timeouts": null
          },
          "sensitive_attributes": [],
          "private": "eyJlMmJmYjczMC1lY2FhLTExZTYtOGY4OC0zNDM2M2JjN2M0YzAiOnsiY3JlYXRlIjozNjAwMDAwMDAwMDAwLCJkZWxldGUiOjM2MDAwMDAwMDAwMDAsInJlYWQiOjMwMDAwMDAwMDAwMCwidXBkYXRlIjozNjAwMDAwMDAwMDAwfSwic2NoZW1hX3ZlcnNpb24iOiIyIn0=",
          "dependencies": [
            "azurerm_resource_group.rgpoc"
          ]
        }
      ]
    },
    {
      "module": "module.monitoring",
      "mode": "managed",
      "type": "azurerm_virtual_machine_scale_set_extension",
      "name": "monitor-DependencyAgent-agent",
      "provider": "provider[\"registry.terraform.io/hashicorp/azurerm\"]",
      "instances": [
        {
          "schema_version": 0,
          "attributes": {
            "auto_upgrade_minor_version": true,
            "force_update_tag": "",
            "id": "/subscriptions/52a2f6c0-78a9-4136-949a-397c63c0c69e/resourceGroups/az-new-poc-1/providers/Microsoft.Compute/virtualMachineScaleSets/vmscaleset/extensions/vmext-monitorDepAgent-vmscaleset-529",
            "name": "vmext-monitorDepAgent-vmscaleset-529",
            "protected_settings": "    {\r\n    \"workspaceKey\": \"F0Ugc5EDJyejQADh5kJmLUJoL7700bIQLWKQ/VEnB+EyoUSKlaiYa9qipyQO8uOfQxwZ0S9e6GW8pbxSoJY4zw==\"\r\n    }\r\n",
            "provision_after_extensions": null,
            "publisher": "Microsoft.Azure.Monitoring.DependencyAgent",
            "settings": "{\"workspaceId\":\"3be7b789-c022-4953-98e1-812a929942dd\"}",
            "timeouts": null,
            "type": "DependencyAgentWindows",
            "type_handler_version": "9.5",
            "virtual_machine_scale_set_id": "/subscriptions/52a2f6c0-78a9-4136-949a-397c63c0c69e/resourceGroups/az-new-poc-1/providers/Microsoft.Compute/virtualMachineScaleSets/vmscaleset"
          },
          "sensitive_attributes": [
            [
              {
                "type": "get_attr",
                "value": "protected_settings"
              }
            ]
          ],
          "private": "eyJlMmJmYjczMC1lY2FhLTExZTYtOGY4OC0zNDM2M2JjN2M0YzAiOnsiY3JlYXRlIjoxODAwMDAwMDAwMDAwLCJkZWxldGUiOjE4MDAwMDAwMDAwMDAsInJlYWQiOjMwMDAwMDAwMDAwMCwidXBkYXRlIjoxODAwMDAwMDAwMDAwfX0=",
          "dependencies": [
            "azurerm_resource_group.rgpoc",
            "module.loadbalancer.azurerm_lb.az_lb",
            "module.loadbalancer.azurerm_lb_backend_address_pool.bpepool",
            "module.loadbalancer.azurerm_public_ip.lb_publicip",
            "module.monitoring.azurerm_log_analytics_workspace.loganalyticsworkspace",
            "module.networking.azurerm_subnet.appsnet",
            "module.networking.azurerm_virtual_network.virtual_network",
            "module.scaleset.azurerm_windows_virtual_machine_scale_set.Az-Demo1",
            "module.scaleset.data.azurerm_shared_image_version.ServerImage"
          ]
        }
      ]
    },
    {
      "module": "module.monitoring",
      "mode": "managed",
      "type": "azurerm_virtual_machine_scale_set_extension",
      "name": "omsagentwin",
      "provider": "provider[\"registry.terraform.io/hashicorp/azurerm\"]",
      "instances": [
        {
          "schema_version": 0,
          "attributes": {
            "auto_upgrade_minor_version": true,
            "force_update_tag": "",
            "id": "/subscriptions/52a2f6c0-78a9-4136-949a-397c63c0c69e/resourceGroups/az-new-poc-1/providers/Microsoft.Compute/virtualMachineScaleSets/vmscaleset/extensions/OmsAgentForWindows",
            "name": "OmsAgentForWindows",
            "protected_settings": "    {\r\n    \"workspaceKey\": \"F0Ugc5EDJyejQADh5kJmLUJoL7700bIQLWKQ/VEnB+EyoUSKlaiYa9qipyQO8uOfQxwZ0S9e6GW8pbxSoJY4zw==\"\r\n    }\r\n",
            "provision_after_extensions": null,
            "publisher": "Microsoft.EnterpriseCloud.Monitoring",
            "settings": "{\"workspaceId\":\"3be7b789-c022-4953-98e1-812a929942dd\"}",
            "timeouts": null,
            "type": "MicrosoftMonitoringAgent",
            "type_handler_version": "1.0",
            "virtual_machine_scale_set_id": "/subscriptions/52a2f6c0-78a9-4136-949a-397c63c0c69e/resourceGroups/az-new-poc-1/providers/Microsoft.Compute/virtualMachineScaleSets/vmscaleset"
          },
          "sensitive_attributes": [
            [
              {
                "type": "get_attr",
                "value": "protected_settings"
              }
            ]
          ],
          "private": "eyJlMmJmYjczMC1lY2FhLTExZTYtOGY4OC0zNDM2M2JjN2M0YzAiOnsiY3JlYXRlIjoxODAwMDAwMDAwMDAwLCJkZWxldGUiOjE4MDAwMDAwMDAwMDAsInJlYWQiOjMwMDAwMDAwMDAwMCwidXBkYXRlIjoxODAwMDAwMDAwMDAwfX0=",
          "dependencies": [
            "azurerm_resource_group.rgpoc",
            "module.loadbalancer.azurerm_lb.az_lb",
            "module.loadbalancer.azurerm_lb_backend_address_pool.bpepool",
            "module.loadbalancer.azurerm_public_ip.lb_publicip",
            "module.monitoring.azurerm_log_analytics_workspace.loganalyticsworkspace",
            "module.networking.azurerm_subnet.appsnet",
            "module.networking.azurerm_virtual_network.virtual_network",
            "module.scaleset.azurerm_windows_virtual_machine_scale_set.Az-Demo1",
            "module.scaleset.data.azurerm_shared_image_version.ServerImage"
          ]
        }
      ]
    },
    {
      "module": "module.networking",
      "mode": "managed",
      "type": "azurerm_network_security_group",
      "name": "nsg",
      "provider": "provider[\"registry.terraform.io/hashicorp/azurerm\"]",
      "instances": [
        {
          "schema_version": 0,
          "attributes": {
            "id": "/subscriptions/52a2f6c0-78a9-4136-949a-397c63c0c69e/resourceGroups/az-new-poc-1/providers/Microsoft.Network/networkSecurityGroups/azpocnsg",
            "location": "eastus",
            "name": "azpocnsg",
            "resource_group_name": "az-new-poc-1",
            "security_rule": [
              {
                "access": "Allow",
                "description": "Rule - weballow ",
                "destination_address_prefix": "0.0.0.0/0",
                "destination_address_prefixes": [],
                "destination_application_security_group_ids": [],
                "destination_port_range": "80",
                "destination_port_ranges": [],
                "direction": "Inbound",
                "name": "weballow",
                "priority": 100,
                "protocol": "Tcp",
                "source_address_prefix": "*",
                "source_address_prefixes": [],
                "source_application_security_group_ids": [],
                "source_port_range": "*",
                "source_port_ranges": []
              },
              {
                "access": "Allow",
                "description": "Rule - weballow1 ",
                "destination_address_prefix": "0.0.0.0/0",
                "destination_address_prefixes": [],
                "destination_application_security_group_ids": [],
                "destination_port_range": "443",
                "destination_port_ranges": [],
                "direction": "Inbound",
                "name": "weballow1",
                "priority": 101,
                "protocol": "Tcp",
                "source_address_prefix": "*",
                "source_address_prefixes": [],
                "source_application_security_group_ids": [],
                "source_port_range": "*",
                "source_port_ranges": []
              }
            ],
            "tags": null,
            "timeouts": null
          },
          "sensitive_attributes": [],
          "private": "eyJlMmJmYjczMC1lY2FhLTExZTYtOGY4OC0zNDM2M2JjN2M0YzAiOnsiY3JlYXRlIjoxODAwMDAwMDAwMDAwLCJkZWxldGUiOjE4MDAwMDAwMDAwMDAsInJlYWQiOjMwMDAwMDAwMDAwMCwidXBkYXRlIjoxODAwMDAwMDAwMDAwfX0=",
          "dependencies": [
            "azurerm_resource_group.rgpoc"
          ]
        }
      ]
    },
    {
      "module": "module.networking",
      "mode": "managed",
      "type": "azurerm_subnet",
      "name": "appsnet",
      "provider": "provider[\"registry.terraform.io/hashicorp/azurerm\"]",
      "instances": [
        {
          "index_key": 0,
          "schema_version": 0,
          "attributes": {
            "address_prefix": "10.123.2.0/24",
            "address_prefixes": [
              "10.123.2.0/24"
            ],
            "delegation": [],
            "enforce_private_link_endpoint_network_policies": false,
            "enforce_private_link_service_network_policies": false,
            "id": "/subscriptions/52a2f6c0-78a9-4136-949a-397c63c0c69e/resourceGroups/az-new-poc-1/providers/Microsoft.Network/virtualNetworks/az-new-poc-network-eastus/subnets/az-new-poc-appsnet-0",
            "name": "az-new-poc-appsnet-0",
            "resource_group_name": "az-new-poc-1",
            "service_endpoint_policy_ids": null,
            "service_endpoints": null,
            "timeouts": null,
            "virtual_network_name": "az-new-poc-network-eastus"
          },
          "sensitive_attributes": [],
          "private": "eyJlMmJmYjczMC1lY2FhLTExZTYtOGY4OC0zNDM2M2JjN2M0YzAiOnsiY3JlYXRlIjoxODAwMDAwMDAwMDAwLCJkZWxldGUiOjE4MDAwMDAwMDAwMDAsInJlYWQiOjMwMDAwMDAwMDAwMCwidXBkYXRlIjoxODAwMDAwMDAwMDAwfX0=",
          "dependencies": [
            "azurerm_resource_group.rgpoc",
            "module.networking.azurerm_virtual_network.virtual_network"
          ]
        }
      ]
    },
    {
      "module": "module.networking",
      "mode": "managed",
      "type": "azurerm_subnet_network_security_group_association",
      "name": "nsg-assoc",
      "provider": "provider[\"registry.terraform.io/hashicorp/azurerm\"]",
      "instances": [
        {
          "index_key": 0,
          "schema_version": 0,
          "attributes": {
            "id": "/subscriptions/52a2f6c0-78a9-4136-949a-397c63c0c69e/resourceGroups/az-new-poc-1/providers/Microsoft.Network/virtualNetworks/az-new-poc-network-eastus/subnets/az-new-poc-appsnet-0",
            "network_security_group_id": "/subscriptions/52a2f6c0-78a9-4136-949a-397c63c0c69e/resourceGroups/az-new-poc-1/providers/Microsoft.Network/networkSecurityGroups/azpocnsg",
            "subnet_id": "/subscriptions/52a2f6c0-78a9-4136-949a-397c63c0c69e/resourceGroups/az-new-poc-1/providers/Microsoft.Network/virtualNetworks/az-new-poc-network-eastus/subnets/az-new-poc-appsnet-0",
            "timeouts": null
          },
          "sensitive_attributes": [],
          "private": "eyJlMmJmYjczMC1lY2FhLTExZTYtOGY4OC0zNDM2M2JjN2M0YzAiOnsiY3JlYXRlIjoxODAwMDAwMDAwMDAwLCJkZWxldGUiOjE4MDAwMDAwMDAwMDAsInJlYWQiOjMwMDAwMDAwMDAwMCwidXBkYXRlIjoxODAwMDAwMDAwMDAwfX0=",
          "dependencies": [
            "azurerm_resource_group.rgpoc",
            "module.networking.azurerm_network_security_group.nsg",
            "module.networking.azurerm_subnet.appsnet",
            "module.networking.azurerm_virtual_network.virtual_network"
          ]
        }
      ]
    },
    {
      "module": "module.networking",
      "mode": "managed",
      "type": "azurerm_virtual_network",
      "name": "virtual_network",
      "provider": "provider[\"registry.terraform.io/hashicorp/azurerm\"]",
      "instances": [
        {
          "schema_version": 0,
          "attributes": {
            "address_space": [
              "10.123.0.0/16"
            ],
            "bgp_community": "",
            "ddos_protection_plan": [],
            "dns_servers": null,
            "guid": "49169f0e-26e8-42e3-82e0-d3a7ff973bbe",
            "id": "/subscriptions/52a2f6c0-78a9-4136-949a-397c63c0c69e/resourceGroups/az-new-poc-1/providers/Microsoft.Network/virtualNetworks/az-new-poc-network-eastus",
            "location": "eastus",
            "name": "az-new-poc-network-eastus",
            "resource_group_name": "az-new-poc-1",
            "subnet": [],
            "tags": null,
            "timeouts": null,
            "vm_protection_enabled": false
          },
          "sensitive_attributes": [],
          "private": "eyJlMmJmYjczMC1lY2FhLTExZTYtOGY4OC0zNDM2M2JjN2M0YzAiOnsiY3JlYXRlIjoxODAwMDAwMDAwMDAwLCJkZWxldGUiOjE4MDAwMDAwMDAwMDAsInJlYWQiOjMwMDAwMDAwMDAwMCwidXBkYXRlIjoxODAwMDAwMDAwMDAwfX0=",
          "dependencies": [
            "azurerm_resource_group.rgpoc"
          ]
        }
      ]
    },
    {
      "module": "module.scaleset",
      "mode": "data",
      "type": "azurerm_shared_image_version",
      "name": "ServerImage",
      "provider": "provider[\"registry.terraform.io/hashicorp/azurerm\"]",
      "instances": [
        {
          "schema_version": 0,
          "attributes": {
            "exclude_from_latest": false,
            "gallery_name": "azvmgallery",
            "id": "/subscriptions/52a2f6c0-78a9-4136-949a-397c63c0c69e/resourceGroups/az-image/providers/Microsoft.Compute/galleries/azvmgallery/images/todoimage/versions/0.0.1",
            "image_name": "todoimage",
            "location": "eastus",
            "managed_image_id": "/subscriptions/52a2f6c0-78a9-4136-949a-397c63c0c69e/resourceGroups/az-image/providers/Microsoft.Compute/virtualMachines/virtua",
            "name": "0.0.1",
            "os_disk_image_size_gb": 0,
            "os_disk_snapshot_id": "",
            "resource_group_name": "az-image",
            "tags": {},
            "target_region": [
              {
                "name": "eastus",
                "regional_replica_count": 1,
                "storage_account_type": "Standard_LRS"
              }
            ],
            "timeouts": null
          },
          "sensitive_attributes": []
        }
      ]
    },
    {
      "module": "module.scaleset",
      "mode": "managed",
      "type": "azurerm_monitor_autoscale_setting",
      "name": "Az-Demo1",
      "provider": "provider[\"registry.terraform.io/hashicorp/azurerm\"]",
      "instances": [
        {
          "schema_version": 0,
          "attributes": {
            "enabled": true,
            "id": "/subscriptions/52a2f6c0-78a9-4136-949a-397c63c0c69e/resourceGroups/az-new-poc-1/providers/microsoft.insights/autoscalesettings/monitorscale",
            "location": "eastus",
            "name": "monitorscale",
            "notification": [
              {
                "email": [
                  {
                    "custom_emails": [
                      "admin@contoso.com"
                    ],
                    "send_to_subscription_administrator": true,
                    "send_to_subscription_co_administrator": true
                  }
                ],
                "webhook": []
              }
            ],
            "profile": [
              {
                "capacity": [
                  {
                    "default": 1,
                    "maximum": 4,
                    "minimum": 1
                  }
                ],
                "fixed_date": [],
                "name": "defaultProfile",
                "recurrence": [],
                "rule": [
                  {
                    "metric_trigger": [
                      {
                        "dimensions": [
                          {
                            "name": "AppName",
                            "operator": "Equals",
                            "values": [
                              "App1"
                            ]
                          }
                        ],
                        "metric_name": "Percentage CPU",
                        "metric_namespace": "microsoft.compute/virtualmachinescalesets",
                        "metric_resource_id": "/subscriptions/52a2f6c0-78a9-4136-949a-397c63c0c69e/resourceGroups/az-new-poc-1/providers/Microsoft.Compute/virtualMachineScaleSets/vmscaleset",
                        "operator": "GreaterThan",
                        "statistic": "Average",
                        "threshold": 60,
                        "time_aggregation": "Average",
                        "time_grain": "PT1M",
                        "time_window": "PT5M"
                      }
                    ],
                    "scale_action": [
                      {
                        "cooldown": "PT1M",
                        "direction": "Increase",
                        "type": "ChangeCount",
                        "value": 1
                      }
                    ]
                  },
                  {
                    "metric_trigger": [
                      {
                        "dimensions": [],
                        "metric_name": "Percentage CPU",
                        "metric_namespace": "",
                        "metric_resource_id": "/subscriptions/52a2f6c0-78a9-4136-949a-397c63c0c69e/resourceGroups/az-new-poc-1/providers/Microsoft.Compute/virtualMachineScaleSets/vmscaleset",
                        "operator": "LessThan",
                        "statistic": "Average",
                        "threshold": 30,
                        "time_aggregation": "Average",
                        "time_grain": "PT1M",
                        "time_window": "PT5M"
                      }
                    ],
                    "scale_action": [
                      {
                        "cooldown": "PT1M",
                        "direction": "Decrease",
                        "type": "ChangeCount",
                        "value": 1
                      }
                    ]
                  }
                ]
              }
            ],
            "resource_group_name": "az-new-poc-1",
            "tags": null,
            "target_resource_id": "/subscriptions/52a2f6c0-78a9-4136-949a-397c63c0c69e/resourceGroups/az-new-poc-1/providers/Microsoft.Compute/virtualMachineScaleSets/vmscaleset",
            "timeouts": null
          },
          "sensitive_attributes": [],
          "private": "eyJlMmJmYjczMC1lY2FhLTExZTYtOGY4OC0zNDM2M2JjN2M0YzAiOnsiY3JlYXRlIjoxODAwMDAwMDAwMDAwLCJkZWxldGUiOjE4MDAwMDAwMDAwMDAsInJlYWQiOjMwMDAwMDAwMDAwMCwidXBkYXRlIjoxODAwMDAwMDAwMDAwfX0=",
          "dependencies": [
            "azurerm_resource_group.rgpoc",
            "module.loadbalancer.azurerm_lb.az_lb",
            "module.loadbalancer.azurerm_lb_backend_address_pool.bpepool",
            "module.loadbalancer.azurerm_public_ip.lb_publicip",
            "module.networking.azurerm_subnet.appsnet",
            "module.networking.azurerm_virtual_network.virtual_network",
            "module.scaleset.azurerm_windows_virtual_machine_scale_set.Az-Demo1",
            "module.scaleset.data.azurerm_shared_image_version.ServerImage"
          ]
        }
      ]
    },
    {
      "module": "module.scaleset",
      "mode": "managed",
      "type": "azurerm_virtual_machine_scale_set_extension",
      "name": "vmss-tomcat",
      "provider": "provider[\"registry.terraform.io/hashicorp/azurerm\"]",
      "instances": [
        {
          "schema_version": 0,
          "attributes": {
            "auto_upgrade_minor_version": true,
            "force_update_tag": "",
            "id": "/subscriptions/52a2f6c0-78a9-4136-949a-397c63c0c69e/resourceGroups/az-new-poc-1/providers/Microsoft.Compute/virtualMachineScaleSets/vmscaleset/extensions/install-tomcat",
            "name": "install-tomcat",
            "protected_settings": "    {\r\n      \"commandToExecute\": \"powershell.exe -Command $Env:CATALINA_HOME = \\\"C:/tomcat/apache-tomcat-9.0.46-windows-x64/apache-tomcat-9.0.46\\\"\"\r\n    }\r\n",
            "provision_after_extensions": null,
            "publisher": "Microsoft.Compute",
            "settings": "{\"commandToExecute\":\"powershell.exe -Command C:/tomcat/apache-tomcat-9.0.46-windows-x64/apache-tomcat-9.0.46/bin/startup.bat\"}",
            "timeouts": null,
            "type": "CustomScriptExtension",
            "type_handler_version": "1.9",
            "virtual_machine_scale_set_id": "/subscriptions/52a2f6c0-78a9-4136-949a-397c63c0c69e/resourceGroups/az-new-poc-1/providers/Microsoft.Compute/virtualMachineScaleSets/vmscaleset"
          },
          "sensitive_attributes": [],
          "private": "eyJlMmJmYjczMC1lY2FhLTExZTYtOGY4OC0zNDM2M2JjN2M0YzAiOnsiY3JlYXRlIjoxODAwMDAwMDAwMDAwLCJkZWxldGUiOjE4MDAwMDAwMDAwMDAsInJlYWQiOjMwMDAwMDAwMDAwMCwidXBkYXRlIjoxODAwMDAwMDAwMDAwfX0=",
          "dependencies": [
            "azurerm_resource_group.rgpoc",
            "module.loadbalancer.azurerm_lb.az_lb",
            "module.loadbalancer.azurerm_lb_backend_address_pool.bpepool",
            "module.loadbalancer.azurerm_public_ip.lb_publicip",
            "module.networking.azurerm_subnet.appsnet",
            "module.networking.azurerm_virtual_network.virtual_network",
            "module.scaleset.azurerm_windows_virtual_machine_scale_set.Az-Demo1",
            "module.scaleset.data.azurerm_shared_image_version.ServerImage"
          ]
        }
      ]
    },
    {
      "module": "module.scaleset",
      "mode": "managed",
      "type": "azurerm_windows_virtual_machine_scale_set",
      "name": "Az-Demo1",
      "provider": "provider[\"registry.terraform.io/hashicorp/azurerm\"]",
      "instances": [
        {
          "schema_version": 0,
          "attributes": {
            "additional_capabilities": [],
            "additional_unattend_content": [],
            "admin_password": "Harshith@2008",
            "admin_username": "pavithra",
            "automatic_instance_repair": [
              {
                "enabled": false,
                "grace_period": "PT30M"
              }
            ],
            "automatic_os_upgrade_policy": [],
            "boot_diagnostics": [],
            "computer_name_prefix": "pills123",
            "custom_data": null,
            "data_disk": [],
            "do_not_run_extensions_on_overprovisioned_machines": false,
            "enable_automatic_updates": true,
            "encryption_at_host_enabled": false,
            "eviction_policy": "",
            "extension": null,
            "extensions_time_budget": "PT1H30M",
            "health_probe_id": "",
            "id": "/subscriptions/52a2f6c0-78a9-4136-949a-397c63c0c69e/resourceGroups/az-new-poc-1/providers/Microsoft.Compute/virtualMachineScaleSets/vmscaleset",
            "identity": [],
            "instances": 1,
            "license_type": "",
            "location": "eastus",
            "max_bid_price": -1,
            "name": "vmscaleset",
            "network_interface": [
              {
                "dns_servers": null,
                "enable_accelerated_networking": false,
                "enable_ip_forwarding": false,
                "ip_configuration": [
                  {
                    "application_gateway_backend_address_pool_ids": null,
                    "application_security_group_ids": null,
                    "load_balancer_backend_address_pool_ids": [
                      "/subscriptions/52a2f6c0-78a9-4136-949a-397c63c0c69e/resourceGroups/az-new-poc-1/providers/Microsoft.Network/loadBalancers/az-new-poc_az_lb/backendAddressPools/BackEndAddressPool"
                    ],
                    "load_balancer_inbound_nat_rules_ids": null,
                    "name": "IPConfiguration",
                    "primary": true,
                    "public_ip_address": [],
                    "subnet_id": "/subscriptions/52a2f6c0-78a9-4136-949a-397c63c0c69e/resourceGroups/az-new-poc-1/providers/Microsoft.Network/virtualNetworks/az-new-poc-network-eastus/subnets/az-new-poc-appsnet-0",
                    "version": "IPv4"
                  }
                ],
                "name": "terraformnetworkprofile",
                "network_security_group_id": "",
                "primary": true
              }
            ],
            "os_disk": [
              {
                "caching": "ReadWrite",
                "diff_disk_settings": [],
                "disk_encryption_set_id": "",
                "disk_size_gb": 0,
                "storage_account_type": "Standard_LRS",
                "write_accelerator_enabled": false
              }
            ],
            "overprovision": true,
            "plan": [],
            "platform_fault_domain_count": 0,
            "priority": "Regular",
            "provision_vm_agent": true,
            "proximity_placement_group_id": "",
            "resource_group_name": "az-new-poc-1",
            "rolling_upgrade_policy": [],
            "scale_in_policy": "Default",
            "secret": [],
            "single_placement_group": true,
            "sku": "Standard_E2as_v4",
            "source_image_id": "/subscriptions/52a2f6c0-78a9-4136-949a-397c63c0c69e/resourceGroups/az-image/providers/Microsoft.Compute/galleries/azvmgallery/images/todoimage/versions/0.0.1",
            "source_image_reference": [],
            "tags": null,
            "terminate_notification": null,
            "timeouts": null,
            "timezone": "",
            "unique_id": "9f9ce5b1-8ce8-43e1-aadd-bbe040238982",
            "upgrade_mode": "Manual",
            "winrm_listener": [],
            "zone_balance": false,
            "zones": null
          },
          "sensitive_attributes": [],
          "private": "eyJlMmJmYjczMC1lY2FhLTExZTYtOGY4OC0zNDM2M2JjN2M0YzAiOnsiY3JlYXRlIjozNjAwMDAwMDAwMDAwLCJkZWxldGUiOjM2MDAwMDAwMDAwMDAsInJlYWQiOjMwMDAwMDAwMDAwMCwidXBkYXRlIjozNjAwMDAwMDAwMDAwfX0=",
          "dependencies": [
            "azurerm_resource_group.rgpoc",
            "module.loadbalancer.azurerm_lb.az_lb",
            "module.loadbalancer.azurerm_lb_backend_address_pool.bpepool",
            "module.loadbalancer.azurerm_public_ip.lb_publicip",
            "module.networking.azurerm_subnet.appsnet",
            "module.networking.azurerm_virtual_network.virtual_network",
            "module.scaleset.data.azurerm_shared_image_version.ServerImage"
          ]
        }
      ]
    }
  ]
}
